
Microsoft Visual Studio Solution File, Format Version 12.00
# Visual Studio Version 17
VisualStudioVersion = 17.4.33103.184
MinimumVisualStudioVersion = 10.0.40219.1
Project("{FAE04EC0-301F-11D3-BF4B-00C04F79EFBC}") = "Jogo da Memoria", "Jogo da Memoria\Jogo da Memoria.csproj", "{6B96CAA4-988A-4BE2-A74F-77465BAD4FD3}"
EndProject
Global
	GlobalSection(SolutionConfigurationPlatforms) = preSolution
		Debug|Any CPU = Debug|Any CPU
		Release|Any CPU = Release|Any CPU
	EndGlobalSection
	GlobalSection(ProjectConfigurationPlatforms) = postSolution
		{6B96CAA4-988A-4BE2-A74F-77465BAD4FD3}.Debug|Any CPU.ActiveCfg = Debug|Any CPU
		{6B96CAA4-988A-4BE2-A74F-77465BAD4FD3}.Debug|Any CPU.Build.0 = Debug|Any CPU
		{6B96CAA4-988A-4BE2-A74F-77465BAD4FD3}.Release|Any CPU.ActiveCfg = Release|Any CPU
		{6B96CAA4-988A-4BE2-A74F-77465BAD4FD3}.Release|Any CPU.Build.0 = Release|Any CPU
	EndGlobalSection
	GlobalSection(SolutionProperties) = preSolution
		HideSolutionNode = FALSE
	EndGlobalSection
	GlobalSection(ExtensibilityGlobals) = postSolution
		SolutionGuid = {ED694E8F-E59A-4786-A530-205E09922B36}
	EndGlobalSection
EndGlobal
